// !$*UTF8*$!
{
	archiveVersion = 1;
	classes = {
	};
	objectVersion = 46;
	objects = {
/* Begin PBXBuildFile section */
		858B842D18CA22B800AB12DE /* InfoPlist.strings in Resources */ = {isa = PBXBuildFile; fileRef = 858B833A18CA111C00AB12DE /* InfoPlist.strings */; };
		CD45EE7C18DC2D5800FB50C0 /* app in Resources */ = {isa = PBXBuildFile; fileRef = CD45EE7A18DC2D5800FB50C0 /* app */; };
		CD62955D1BB2678900AE3A93 /* main.m in Sources */ = {isa = PBXBuildFile; fileRef = CD62955C1BB2678900AE3A93 /* main.m */; };
		04099020A0C541C9B3ECE23B /* Assets.xcassets in Resources */ = {isa = PBXBuildFile; fileRef = E2772DD3CF5B4A89A5C0900D /* Assets.xcassets */; };
		6F69F79B3A52424BA39FAC1E /* Default-568h@2x.png in Resources */ = {isa = PBXBuildFile; fileRef = 3FE2CA17E9A8435A8CC0A0FB /* Default-568h@2x.png */; };
		B30DCE7680F642119F77061E /* Default-667h.png in Resources */ = {isa = PBXBuildFile; fileRef = C089364E6FEE4B8AA7C79A45 /* Default-667h.png */; };
		E00671F775DD4DA696B5825B /* Default-736h.png in Resources */ = {isa = PBXBuildFile; fileRef = 5A7A32B247814EECAD0E65DB /* Default-736h.png */; };
		5E4FE8BCD90946DEBCC57D32 /* Default-Landscape-1366@2x.png in Resources */ = {isa = PBXBuildFile; fileRef = A72C85FCF8BA4C00AE8B6E4D /* Default-Landscape-1366@2x.png */; };
		4CA77B2E6F384435AE2336EE /* Default-Landscape-667h.png in Resources */ = {isa = PBXBuildFile; fileRef = 80DDA21A90194B959735AA05 /* Default-Landscape-667h.png */; };
		CC90D43C1CB140CFB5CEFB57 /* Default-Landscape-736h.png in Resources */ = {isa = PBXBuildFile; fileRef = 618A94E627984D5EB0325003 /* Default-Landscape-736h.png */; };
		AA2A32E16F394914A47D8469 /* Default-Landscape.png in Resources */ = {isa = PBXBuildFile; fileRef = A55F23E35E2A41F79AC71524 /* Default-Landscape.png */; };
		8E071CFFCD434D77ABFA9C47 /* Default-Landscape@2x.png in Resources */ = {isa = PBXBuildFile; fileRef = 2FFC021BA016423D8C9555D5 /* Default-Landscape@2x.png */; };
		5EEFEEA192E146238F2B2FFD /* Default-Portrait-1366@2x.png in Resources */ = {isa = PBXBuildFile; fileRef = AA657122A6804CBC92ECF7C5 /* Default-Portrait-1366@2x.png */; };
		B6B3619A4964479C88709AB0 /* Default-Portrait.png in Resources */ = {isa = PBXBuildFile; fileRef = 178138AD7A2B406D847B3F62 /* Default-Portrait.png */; };
		423710964AE441FAA6023BDF /* Default-Portrait@2x.png in Resources */ = {isa = PBXBuildFile; fileRef = 81D566F9409048D9B056843D /* Default-Portrait@2x.png */; };
		2A155EADE3114B9C8546709C /* Default.png in Resources */ = {isa = PBXBuildFile; fileRef = 5DFE81FF0D8441E1A09895F5 /* Default.png */; };
		FB6AD9C7689D4784BC56EE0E /* Default@2x.png in Resources */ = {isa = PBXBuildFile; fileRef = BE3C3F9C09064566AC036AAA /* Default@2x.png */; };
		4C48D9078D66470A9DB4712C /* Icon-Small-50.png in Resources */ = {isa = PBXBuildFile; fileRef = 32F1A1FB50E841838FED46F7 /* Icon-Small-50.png */; };
		C1A7D558D29442D4A6BB071A /* Icon-Small-50@2x.png in Resources */ = {isa = PBXBuildFile; fileRef = 2C443ADA28D74D938B382C0D /* Icon-Small-50@2x.png */; };
		9E52DC8AA4274470B0CE23A6 /* Icon-Small.png in Resources */ = {isa = PBXBuildFile; fileRef = E4A69D05FC6D4A4EA227F7C0 /* Icon-Small.png */; };
		348032A1E41A4EE3941EC3B9 /* Icon-Small@2x.png in Resources */ = {isa = PBXBuildFile; fileRef = EFF8C96261A34B98B765219A /* Icon-Small@2x.png */; };
		3730A9C175764A769E09AC1E /* LaunchScreen.storyboard in Resources */ = {isa = PBXBuildFile; fileRef = 49BCA529CC454B43A31370FA /* LaunchScreen.storyboard */; };
		84681B8D50C942DF9DBA776D /* build.xcconfig in Resources */ = {isa = PBXBuildFile; fileRef = 696D53DFAB2A40F6A38552B6 /* build.xcconfig */; };
		C90BBAB290644A7097E8A116 /* icon-40.png in Resources */ = {isa = PBXBuildFile; fileRef = 9DC2413C27B0420084546F5F /* icon-40.png */; };
		B32C1EDAB0954891B01D2EA6 /* icon-40@2x.png in Resources */ = {isa = PBXBuildFile; fileRef = B2271994C3614EDB8E5BB588 /* icon-40@2x.png */; };
		A645E459E63D4E5983FA731F /* icon-40@3x.png in Resources */ = {isa = PBXBuildFile; fileRef = 7FFA2E85FC954E9EB0CE47CA /* icon-40@3x.png */; };
		6248FA5242AE421DA4FBE6D5 /* icon-60.png in Resources */ = {isa = PBXBuildFile; fileRef = EE12313D28514AAC97A6F009 /* icon-60.png */; };
		EC1E2F6E1E374ADB81A43C49 /* icon-60@2x.png in Resources */ = {isa = PBXBuildFile; fileRef = 25AD0D0C877F48A28AB26118 /* icon-60@2x.png */; };
		1E008D4E32E04563A02E3B36 /* icon-60@3x.png in Resources */ = {isa = PBXBuildFile; fileRef = 623738867F784ABA86EC4D30 /* icon-60@3x.png */; };
		25ADBB60C8844468B606DC34 /* icon-72.png in Resources */ = {isa = PBXBuildFile; fileRef = BAF7D5B8F54D426695DE3A34 /* icon-72.png */; };
		EA0AEBF637CF4CD5984585C1 /* icon-72@2x.png in Resources */ = {isa = PBXBuildFile; fileRef = CA19DAFEB63C48A89CEB081F /* icon-72@2x.png */; };
		A99638FBBD294657BBEBA377 /* icon-76.png in Resources */ = {isa = PBXBuildFile; fileRef = 2C9C34036ADA456F9EC882FF /* icon-76.png */; };
		556E137AE1DD43F6998D1AB7 /* icon-76@2x.png in Resources */ = {isa = PBXBuildFile; fileRef = 8E768563523D4D07ADD272F2 /* icon-76@2x.png */; };
		3BB6F6C5CEF247DAB18172F3 /* icon-83.5@2x.png in Resources */ = {isa = PBXBuildFile; fileRef = 965956AC28204582AF0DD341 /* icon-83.5@2x.png */; };
		F40B7A7064E241A894DB194F /* icon.png in Resources */ = {isa = PBXBuildFile; fileRef = A0BF273949CE44C6ADC8F99A /* icon.png */; };
		62C1B337C1EE4950B512B150 /* icon@2x.png in Resources */ = {isa = PBXBuildFile; fileRef = C5536F06E7004C16826616D5 /* icon@2x.png */; };
		32F4C8BEEFF44CDF90E1F8C6 /* TNSWidgets.framework in Frameworks */ = {isa = PBXBuildFile; fileRef = 9F71D0941F864C619979B060 /* TNSWidgets.framework */; };
		A449D8031F254F07AACA6DF5 /* TNSWidgets.framework in Embed Frameworks */ = {isa = PBXBuildFile; fileRef = 9F71D0941F864C619979B060 /* TNSWidgets.framework */; settings = {ATTRIBUTES = (CodeSignOnCopy, RemoveHeadersOnCopy, ); }; };
/* End PBXBuildFile section */

/* Begin PBXCopyFilesBuildPhase section */
		85F5BDFC1A9363BE006B9701 /* Embed Frameworks */ = {
			isa = PBXCopyFilesBuildPhase;
			buildActionMask = 2147483647;
			dstPath = "";
			dstSubfolderSpec = 10;
			files = (
				A449D8031F254F07AACA6DF5 /* TNSWidgets.framework in Embed Frameworks */,
			);
			name = "Embed Frameworks";
			runOnlyForDeploymentPostprocessing = 0;
		};
/* End PBXCopyFilesBuildPhase section */

/* Begin PBXFileReference section */
		858B832E18CA111C00AB12DE /* tnswebformclient.app */ = {isa = PBXFileReference; explicitFileType = wrapper.application; includeInIndex = 0; path = tnswebformclient.app; sourceTree = BUILT_PRODUCTS_DIR; };
		858B833918CA111C00AB12DE /* tnswebformclient-Info.plist */ = {isa = PBXFileReference; lastKnownFileType = text.plist.xml; path = "tnswebformclient-Info.plist"; sourceTree = "<group>"; };
		858B833B18CA111C00AB12DE /* en */ = {isa = PBXFileReference; lastKnownFileType = text.plist.strings; name = en; path = en.lproj/InfoPlist.strings; sourceTree = "<group>"; };
		858B833F18CA111C00AB12DE /* tnswebformclient-Prefix.pch */ = {isa = PBXFileReference; lastKnownFileType = sourcecode.c.h; path = "tnswebformclient-Prefix.pch"; sourceTree = "<group>"; };
		858B843318CA22B800AB12DE /* tnswebformclient.app */ = {isa = PBXFileReference; explicitFileType = wrapper.application; includeInIndex = 0; path = tnswebformclient.app; sourceTree = BUILT_PRODUCTS_DIR; };
		CD45EE7A18DC2D5800FB50C0 /* app */ = {isa = PBXFileReference; lastKnownFileType = folder; path = app; sourceTree = "<group>"; };
		CD62955C1BB2678900AE3A93 /* main.m */ = {isa = PBXFileReference; fileEncoding = 4; lastKnownFileType = sourcecode.c.objc; name = main.m; path = internal/main.m; sourceTree = SOURCE_ROOT; };
		CDD59A261BB43B5D00EC2671 /* build-debug.xcconfig */ = {isa = PBXFileReference; fileEncoding = 4; lastKnownFileType = text.xcconfig; path = "build-debug.xcconfig"; sourceTree = "<group>"; };
		CDD59A271BB43B5D00EC2671 /* build-release.xcconfig */ = {isa = PBXFileReference; fileEncoding = 4; lastKnownFileType = text.xcconfig; path = "build-release.xcconfig"; sourceTree = "<group>"; };
		CDF4743E1BA4855C0087EA85 /* build.xcconfig */ = {isa = PBXFileReference; fileEncoding = 4; lastKnownFileType = text.xcconfig; path = build.xcconfig; sourceTree = "<group>"; };
		E2772DD3CF5B4A89A5C0900D /* Assets.xcassets */ = {isa = PBXFileReference; lastKnownFileType = unknown; name = Assets.xcassets; path = "tnswebformclient/Resources/Assets.xcassets"; sourceTree = "<group>"; fileEncoding = 4; };
		3FE2CA17E9A8435A8CC0A0FB /* Default-568h@2x.png */ = {isa = PBXFileReference; lastKnownFileType = image.png; name = "Default-568h@2x.png"; path = "tnswebformclient/Resources/Default-568h@2x.png"; sourceTree = "<group>"; };
		C089364E6FEE4B8AA7C79A45 /* Default-667h.png */ = {isa = PBXFileReference; lastKnownFileType = image.png; name = "Default-667h.png"; path = "tnswebformclient/Resources/Default-667h.png"; sourceTree = "<group>"; };
		5A7A32B247814EECAD0E65DB /* Default-736h.png */ = {isa = PBXFileReference; lastKnownFileType = image.png; name = "Default-736h.png"; path = "tnswebformclient/Resources/Default-736h.png"; sourceTree = "<group>"; };
		A72C85FCF8BA4C00AE8B6E4D /* Default-Landscape-1366@2x.png */ = {isa = PBXFileReference; lastKnownFileType = image.png; name = "Default-Landscape-1366@2x.png"; path = "tnswebformclient/Resources/Default-Landscape-1366@2x.png"; sourceTree = "<group>"; };
		80DDA21A90194B959735AA05 /* Default-Landscape-667h.png */ = {isa = PBXFileReference; lastKnownFileType = image.png; name = "Default-Landscape-667h.png"; path = "tnswebformclient/Resources/Default-Landscape-667h.png"; sourceTree = "<group>"; };
		618A94E627984D5EB0325003 /* Default-Landscape-736h.png */ = {isa = PBXFileReference; lastKnownFileType = image.png; name = "Default-Landscape-736h.png"; path = "tnswebformclient/Resources/Default-Landscape-736h.png"; sourceTree = "<group>"; };
		A55F23E35E2A41F79AC71524 /* Default-Landscape.png */ = {isa = PBXFileReference; lastKnownFileType = image.png; name = "Default-Landscape.png"; path = "tnswebformclient/Resources/Default-Landscape.png"; sourceTree = "<group>"; };
		2FFC021BA016423D8C9555D5 /* Default-Landscape@2x.png */ = {isa = PBXFileReference; lastKnownFileType = image.png; name = "Default-Landscape@2x.png"; path = "tnswebformclient/Resources/Default-Landscape@2x.png"; sourceTree = "<group>"; };
		AA657122A6804CBC92ECF7C5 /* Default-Portrait-1366@2x.png */ = {isa = PBXFileReference; lastKnownFileType = image.png; name = "Default-Portrait-1366@2x.png"; path = "tnswebformclient/Resources/Default-Portrait-1366@2x.png"; sourceTree = "<group>"; };
		178138AD7A2B406D847B3F62 /* Default-Portrait.png */ = {isa = PBXFileReference; lastKnownFileType = image.png; name = "Default-Portrait.png"; path = "tnswebformclient/Resources/Default-Portrait.png"; sourceTree = "<group>"; };
		81D566F9409048D9B056843D /* Default-Portrait@2x.png */ = {isa = PBXFileReference; lastKnownFileType = image.png; name = "Default-Portrait@2x.png"; path = "tnswebformclient/Resources/Default-Portrait@2x.png"; sourceTree = "<group>"; };
		5DFE81FF0D8441E1A09895F5 /* Default.png */ = {isa = PBXFileReference; lastKnownFileType = image.png; name = Default.png; path = "tnswebformclient/Resources/Default.png"; sourceTree = "<group>"; };
		BE3C3F9C09064566AC036AAA /* Default@2x.png */ = {isa = PBXFileReference; lastKnownFileType = image.png; name = "Default@2x.png"; path = "tnswebformclient/Resources/Default@2x.png"; sourceTree = "<group>"; };
		32F1A1FB50E841838FED46F7 /* Icon-Small-50.png */ = {isa = PBXFileReference; lastKnownFileType = image.png; name = "Icon-Small-50.png"; path = "tnswebformclient/Resources/Icon-Small-50.png"; sourceTree = "<group>"; };
		2C443ADA28D74D938B382C0D /* Icon-Small-50@2x.png */ = {isa = PBXFileReference; lastKnownFileType = image.png; name = "Icon-Small-50@2x.png"; path = "tnswebformclient/Resources/Icon-Small-50@2x.png"; sourceTree = "<group>"; };
		E4A69D05FC6D4A4EA227F7C0 /* Icon-Small.png */ = {isa = PBXFileReference; lastKnownFileType = image.png; name = "Icon-Small.png"; path = "tnswebformclient/Resources/Icon-Small.png"; sourceTree = "<group>"; };
		EFF8C96261A34B98B765219A /* Icon-Small@2x.png */ = {isa = PBXFileReference; lastKnownFileType = image.png; name = "Icon-Small@2x.png"; path = "tnswebformclient/Resources/Icon-Small@2x.png"; sourceTree = "<group>"; };
		49BCA529CC454B43A31370FA /* LaunchScreen.storyboard */ = {isa = PBXFileReference; lastKnownFileType = unknown; name = LaunchScreen.storyboard; path = "tnswebformclient/Resources/LaunchScreen.storyboard"; sourceTree = "<group>"; fileEncoding = 4; };
		696D53DFAB2A40F6A38552B6 /* build.xcconfig */ = {isa = PBXFileReference; lastKnownFileType = unknown; name = build.xcconfig; path = "tnswebformclient/Resources/build.xcconfig"; sourceTree = "<group>"; fileEncoding = 4; };
		9DC2413C27B0420084546F5F /* icon-40.png */ = {isa = PBXFileReference; lastKnownFileType = image.png; name = "icon-40.png"; path = "tnswebformclient/Resources/icon-40.png"; sourceTree = "<group>"; };
		B2271994C3614EDB8E5BB588 /* icon-40@2x.png */ = {isa = PBXFileReference; lastKnownFileType = image.png; name = "icon-40@2x.png"; path = "tnswebformclient/Resources/icon-40@2x.png"; sourceTree = "<group>"; };
		7FFA2E85FC954E9EB0CE47CA /* icon-40@3x.png */ = {isa = PBXFileReference; lastKnownFileType = image.png; name = "icon-40@3x.png"; path = "tnswebformclient/Resources/icon-40@3x.png"; sourceTree = "<group>"; };
		EE12313D28514AAC97A6F009 /* icon-60.png */ = {isa = PBXFileReference; lastKnownFileType = image.png; name = "icon-60.png"; path = "tnswebformclient/Resources/icon-60.png"; sourceTree = "<group>"; };
		25AD0D0C877F48A28AB26118 /* icon-60@2x.png */ = {isa = PBXFileReference; lastKnownFileType = image.png; name = "icon-60@2x.png"; path = "tnswebformclient/Resources/icon-60@2x.png"; sourceTree = "<group>"; };
		623738867F784ABA86EC4D30 /* icon-60@3x.png */ = {isa = PBXFileReference; lastKnownFileType = image.png; name = "icon-60@3x.png"; path = "tnswebformclient/Resources/icon-60@3x.png"; sourceTree = "<group>"; };
		BAF7D5B8F54D426695DE3A34 /* icon-72.png */ = {isa = PBXFileReference; lastKnownFileType = image.png; name = "icon-72.png"; path = "tnswebformclient/Resources/icon-72.png"; sourceTree = "<group>"; };
		CA19DAFEB63C48A89CEB081F /* icon-72@2x.png */ = {isa = PBXFileReference; lastKnownFileType = image.png; name = "icon-72@2x.png"; path = "tnswebformclient/Resources/icon-72@2x.png"; sourceTree = "<group>"; };
		2C9C34036ADA456F9EC882FF /* icon-76.png */ = {isa = PBXFileReference; lastKnownFileType = image.png; name = "icon-76.png"; path = "tnswebformclient/Resources/icon-76.png"; sourceTree = "<group>"; };
		8E768563523D4D07ADD272F2 /* icon-76@2x.png */ = {isa = PBXFileReference; lastKnownFileType = image.png; name = "icon-76@2x.png"; path = "tnswebformclient/Resources/icon-76@2x.png"; sourceTree = "<group>"; };
		965956AC28204582AF0DD341 /* icon-83.5@2x.png */ = {isa = PBXFileReference; lastKnownFileType = image.png; name = "icon-83.5@2x.png"; path = "tnswebformclient/Resources/icon-83.5@2x.png"; sourceTree = "<group>"; };
		A0BF273949CE44C6ADC8F99A /* icon.png */ = {isa = PBXFileReference; lastKnownFileType = image.png; name = icon.png; path = "tnswebformclient/Resources/icon.png"; sourceTree = "<group>"; };
		C5536F06E7004C16826616D5 /* icon@2x.png */ = {isa = PBXFileReference; lastKnownFileType = image.png; name = "icon@2x.png"; path = "tnswebformclient/Resources/icon@2x.png"; sourceTree = "<group>"; };
		9F71D0941F864C619979B060 /* TNSWidgets.framework */ = {isa = PBXFileReference; lastKnownFileType = wrapper.framework; name = TNSWidgets.framework; path = "$(SRCROOT)/../../node_modules/tns-core-modules-widgets/platforms/ios/TNSWidgets.framework"; sourceTree = "<group>"; };
/* End PBXFileReference section */

/* Begin PBXFrameworksBuildPhase section */
		858B83F418CA22B800AB12DE /* Frameworks */ = {
			isa = PBXFrameworksBuildPhase;
			buildActionMask = 2147483647;
			files = (
				32F4C8BEEFF44CDF90E1F8C6 /* TNSWidgets.framework in Frameworks */,
			);
			runOnlyForDeploymentPostprocessing = 0;
		};
/* End PBXFrameworksBuildPhase section */

/* Begin PBXGroup section */
		858B832518CA111C00AB12DE = {
			isa = PBXGroup;
			children = (
				E070579D1B39A9D000214BF1 /* Resources */,
				858B833718CA111C00AB12DE /* tnswebformclient */,
				858B833018CA111C00AB12DE /* Frameworks */,
				858B832F18CA111C00AB12DE /* Products */,
			);
			sourceTree = "<group>";
		};
		858B832F18CA111C00AB12DE /* Products */ = {
			isa = PBXGroup;
			children = (
				858B832E18CA111C00AB12DE /* tnswebformclient.app */,
				858B843318CA22B800AB12DE /* tnswebformclient.app */,
			);
			name = Products;
			sourceTree = "<group>";
		};
		858B833018CA111C00AB12DE /* Frameworks */ = {
			isa = PBXGroup;
			children = (
				9F71D0941F864C619979B060 /* TNSWidgets.framework */,
			);
			name = Frameworks;
			sourceTree = "<group>";
		};
		858B833718CA111C00AB12DE /* tnswebformclient */ = {
			isa = PBXGroup;
			children = (
				CD45EE7A18DC2D5800FB50C0 /* app */,
				858B833818CA111C00AB12DE /* Supporting Files */,
			);
			path = tnswebformclient;
			sourceTree = "<group>";
		};
		858B833818CA111C00AB12DE /* Supporting Files */ = {
			isa = PBXGroup;
			children = (
				CDF4743E1BA4855C0087EA85 /* build.xcconfig */,
				CDD59A261BB43B5D00EC2671 /* build-debug.xcconfig */,
				CDD59A271BB43B5D00EC2671 /* build-release.xcconfig */,
				858B833918CA111C00AB12DE /* tnswebformclient-Info.plist */,
				858B833A18CA111C00AB12DE /* InfoPlist.strings */,
				CD62955C1BB2678900AE3A93 /* main.m */,
				858B833F18CA111C00AB12DE /* tnswebformclient-Prefix.pch */,
			);
			name = "Supporting Files";
			sourceTree = "<group>";
		};
		E070579D1B39A9D000214BF1 /* Resources */ = {
			isa = PBXGroup;
			children = (
				E2772DD3CF5B4A89A5C0900D /* Assets.xcassets */,
				3FE2CA17E9A8435A8CC0A0FB /* Default-568h@2x.png */,
				C089364E6FEE4B8AA7C79A45 /* Default-667h.png */,
				5A7A32B247814EECAD0E65DB /* Default-736h.png */,
				A72C85FCF8BA4C00AE8B6E4D /* Default-Landscape-1366@2x.png */,
				80DDA21A90194B959735AA05 /* Default-Landscape-667h.png */,
				618A94E627984D5EB0325003 /* Default-Landscape-736h.png */,
				A55F23E35E2A41F79AC71524 /* Default-Landscape.png */,
				2FFC021BA016423D8C9555D5 /* Default-Landscape@2x.png */,
				AA657122A6804CBC92ECF7C5 /* Default-Portrait-1366@2x.png */,
				178138AD7A2B406D847B3F62 /* Default-Portrait.png */,
				81D566F9409048D9B056843D /* Default-Portrait@2x.png */,
				5DFE81FF0D8441E1A09895F5 /* Default.png */,
				BE3C3F9C09064566AC036AAA /* Default@2x.png */,
				32F1A1FB50E841838FED46F7 /* Icon-Small-50.png */,
				2C443ADA28D74D938B382C0D /* Icon-Small-50@2x.png */,
				E4A69D05FC6D4A4EA227F7C0 /* Icon-Small.png */,
				EFF8C96261A34B98B765219A /* Icon-Small@2x.png */,
				49BCA529CC454B43A31370FA /* LaunchScreen.storyboard */,
				696D53DFAB2A40F6A38552B6 /* build.xcconfig */,
				9DC2413C27B0420084546F5F /* icon-40.png */,
				B2271994C3614EDB8E5BB588 /* icon-40@2x.png */,
				7FFA2E85FC954E9EB0CE47CA /* icon-40@3x.png */,
				EE12313D28514AAC97A6F009 /* icon-60.png */,
				25AD0D0C877F48A28AB26118 /* icon-60@2x.png */,
				623738867F784ABA86EC4D30 /* icon-60@3x.png */,
				BAF7D5B8F54D426695DE3A34 /* icon-72.png */,
				CA19DAFEB63C48A89CEB081F /* icon-72@2x.png */,
				2C9C34036ADA456F9EC882FF /* icon-76.png */,
				8E768563523D4D07ADD272F2 /* icon-76@2x.png */,
				965956AC28204582AF0DD341 /* icon-83.5@2x.png */,
				A0BF273949CE44C6ADC8F99A /* icon.png */,
				C5536F06E7004C16826616D5 /* icon@2x.png */,
			);
			name = Resources;
			sourceTree = "<group>";
		};
/* End PBXGroup section */

/* Begin PBXNativeTarget section */
		858B83EF18CA22B800AB12DE /* tnswebformclient */ = {
			isa = PBXNativeTarget;
			buildConfigurationList = 858B843018CA22B800AB12DE /* Build configuration list for PBXNativeTarget "tnswebformclient" */;
			buildPhases = (
				C97FD7AC1ADE5369004DB2A4 /* NativeScript PreBuild */,
				858B83F218CA22B800AB12DE /* Sources */,
				CD62955B1BB2651D00AE3A93 /* NativeScript PreLink */,
				858B83F418CA22B800AB12DE /* Frameworks */,
				858B842C18CA22B800AB12DE /* Resources */,
				85F5BDFC1A9363BE006B9701 /* Embed Frameworks */,
				CD3EAD351B05FF060042DBFC /* NativeScript PostBuild */,
			);
			buildRules = (
			);
			dependencies = (
			);
			name = tnswebformclient;
			productName = JDBridgeApp;
			productReference = 858B843318CA22B800AB12DE /* tnswebformclient.app */;
			productType = "com.apple.product-type.application";
		};
/* End PBXNativeTarget section */

/* Begin PBXProject section */
		858B832618CA111C00AB12DE /* Project object */ = {
			isa = PBXProject;
			attributes = {
				CLASSPREFIX = TNS;
				LastUpgradeCheck = 500;
				ORGANIZATIONNAME = Telerik;
			};
			buildConfigurationList = 858B832918CA111C00AB12DE /* Build configuration list for PBXProject "tnswebformclient" */;
			compatibilityVersion = "Xcode 3.2";
			developmentRegion = English;
			hasScannedForEncodings = 0;
			knownRegions = (
				en,
			);
			mainGroup = 858B832518CA111C00AB12DE;
			productRefGroup = 858B832F18CA111C00AB12DE /* Products */;
			projectDirPath = "";
			projectRoot = "";
			targets = (
				858B83EF18CA22B800AB12DE /* tnswebformclient */,
			);
		};
/* End PBXProject section */

/* Begin PBXResourcesBuildPhase section */
		858B842C18CA22B800AB12DE /* Resources */ = {
			isa = PBXResourcesBuildPhase;
			buildActionMask = 2147483647;
			files = (
				CD45EE7C18DC2D5800FB50C0 /* app in Resources */,
				858B842D18CA22B800AB12DE /* InfoPlist.strings in Resources */,
				04099020A0C541C9B3ECE23B /* Assets.xcassets in Resources */,
				6F69F79B3A52424BA39FAC1E /* Default-568h@2x.png in Resources */,
				B30DCE7680F642119F77061E /* Default-667h.png in Resources */,
				E00671F775DD4DA696B5825B /* Default-736h.png in Resources */,
				5E4FE8BCD90946DEBCC57D32 /* Default-Landscape-1366@2x.png in Resources */,
				4CA77B2E6F384435AE2336EE /* Default-Landscape-667h.png in Resources */,
				CC90D43C1CB140CFB5CEFB57 /* Default-Landscape-736h.png in Resources */,
				AA2A32E16F394914A47D8469 /* Default-Landscape.png in Resources */,
				8E071CFFCD434D77ABFA9C47 /* Default-Landscape@2x.png in Resources */,
				5EEFEEA192E146238F2B2FFD /* Default-Portrait-1366@2x.png in Resources */,
				B6B3619A4964479C88709AB0 /* Default-Portrait.png in Resources */,
				423710964AE441FAA6023BDF /* Default-Portrait@2x.png in Resources */,
				2A155EADE3114B9C8546709C /* Default.png in Resources */,
				FB6AD9C7689D4784BC56EE0E /* Default@2x.png in Resources */,
				4C48D9078D66470A9DB4712C /* Icon-Small-50.png in Resources */,
				C1A7D558D29442D4A6BB071A /* Icon-Small-50@2x.png in Resources */,
				9E52DC8AA4274470B0CE23A6 /* Icon-Small.png in Resources */,
				348032A1E41A4EE3941EC3B9 /* Icon-Small@2x.png in Resources */,
				3730A9C175764A769E09AC1E /* LaunchScreen.storyboard in Resources */,
				84681B8D50C942DF9DBA776D /* build.xcconfig in Resources */,
				C90BBAB290644A7097E8A116 /* icon-40.png in Resources */,
				B32C1EDAB0954891B01D2EA6 /* icon-40@2x.png in Resources */,
				A645E459E63D4E5983FA731F /* icon-40@3x.png in Resources */,
				6248FA5242AE421DA4FBE6D5 /* icon-60.png in Resources */,
				EC1E2F6E1E374ADB81A43C49 /* icon-60@2x.png in Resources */,
				1E008D4E32E04563A02E3B36 /* icon-60@3x.png in Resources */,
				25ADBB60C8844468B606DC34 /* icon-72.png in Resources */,
				EA0AEBF637CF4CD5984585C1 /* icon-72@2x.png in Resources */,
				A99638FBBD294657BBEBA377 /* icon-76.png in Resources */,
				556E137AE1DD43F6998D1AB7 /* icon-76@2x.png in Resources */,
				3BB6F6C5CEF247DAB18172F3 /* icon-83.5@2x.png in Resources */,
				F40B7A7064E241A894DB194F /* icon.png in Resources */,
				62C1B337C1EE4950B512B150 /* icon@2x.png in Resources */,
			);
			runOnlyForDeploymentPostprocessing = 0;
		};
/* End PBXResourcesBuildPhase section */

/* Begin PBXShellScriptBuildPhase section */
		C97FD7AC1ADE5369004DB2A4 /* NativeScript PreBuild */ = {
			isa = PBXShellScriptBuildPhase;
			buildActionMask = 2147483647;
			files = (
			);
			inputPaths = (
			);
			name = "NativeScript PreBuild";
			outputPaths = (
			);
			runOnlyForDeploymentPostprocessing = 0;
			shellPath = /bin/sh;
			shellScript = "\"$SRCROOT/internal/nativescript-pre-build\"";
			showEnvVarsInLog = 0;
		};
		CD3EAD351B05FF060042DBFC /* NativeScript PostBuild */ = {
			isa = PBXShellScriptBuildPhase;
			buildActionMask = 2147483647;
			files = (
			);
			inputPaths = (
			);
			name = "NativeScript PostBuild";
			outputPaths = (
			);
			runOnlyForDeploymentPostprocessing = 0;
			shellPath = /bin/sh;
			shellScript = "\"$SRCROOT/internal/nativescript-post-build\"";
			showEnvVarsInLog = 0;
		};
		CD62955B1BB2651D00AE3A93 /* NativeScript PreLink */ = {
			isa = PBXShellScriptBuildPhase;
			buildActionMask = 2147483647;
			files = (
			);
			inputPaths = (
			);
			name = "NativeScript PreLink";
			outputPaths = (
			);
			runOnlyForDeploymentPostprocessing = 0;
			shellPath = /bin/sh;
			shellScript = "\"$SRCROOT/internal/nativescript-pre-link\"";
			showEnvVarsInLog = 0;
		};
/* End PBXShellScriptBuildPhase section */

/* Begin PBXSourcesBuildPhase section */
		858B83F218CA22B800AB12DE /* Sources */ = {
			isa = PBXSourcesBuildPhase;
			buildActionMask = 2147483647;
			files = (
				CD62955D1BB2678900AE3A93 /* main.m in Sources */,
			);
			runOnlyForDeploymentPostprocessing = 0;
		};
/* End PBXSourcesBuildPhase section */

/* Begin PBXVariantGroup section */
		858B833A18CA111C00AB12DE /* InfoPlist.strings */ = {
			isa = PBXVariantGroup;
			children = (
				858B833B18CA111C00AB12DE /* en */,
			);
			name = InfoPlist.strings;
			sourceTree = "<group>";
		};
/* End PBXVariantGroup section */

/* Begin XCBuildConfiguration section */
		858B835818CA111C00AB12DE /* Debug */ = {
			isa = XCBuildConfiguration;
			buildSettings = {
				ALWAYS_SEARCH_USER_PATHS = NO;
				ARCHS = "$(ARCHS_STANDARD)";
				CLANG_CXX_LANGUAGE_STANDARD = "gnu++0x";
				CLANG_CXX_LIBRARY = "libc++";
				CLANG_ENABLE_MODULES = YES;
				CLANG_ENABLE_OBJC_ARC = YES;
				CLANG_WARN_BOOL_CONVERSION = YES;
				CLANG_WARN_CONSTANT_CONVERSION = YES;
				CLANG_WARN_DIRECT_OBJC_ISA_USAGE = YES_ERROR;
				CLANG_WARN_EMPTY_BODY = YES;
				CLANG_WARN_ENUM_CONVERSION = YES;
				CLANG_WARN_INT_CONVERSION = YES;
				CLANG_WARN_OBJC_ROOT_CLASS = YES_ERROR;
				CLANG_WARN__DUPLICATE_METHOD_MATCH = YES;
				"CODE_SIGN_IDENTITY[sdk=iphoneos*]" = "iPhone Developer";
				COPY_PHASE_STRIP = NO;
				GCC_C_LANGUAGE_STANDARD = gnu99;
				GCC_DYNAMIC_NO_PIC = NO;
				GCC_OPTIMIZATION_LEVEL = 0;
				GCC_SYMBOLS_PRIVATE_EXTERN = NO;
				GCC_WARN_64_TO_32_BIT_CONVERSION = YES;
				GCC_WARN_ABOUT_RETURN_TYPE = YES_ERROR;
				GCC_WARN_UNDECLARED_SELECTOR = YES;
				GCC_WARN_UNINITIALIZED_AUTOS = YES;
				GCC_WARN_UNUSED_FUNCTION = YES;
				GCC_WARN_UNUSED_VARIABLE = YES;
				IPHONEOS_DEPLOYMENT_TARGET = 8.0;
				ONLY_ACTIVE_ARCH = YES;
				SDKROOT = iphoneos;
				TARGETED_DEVICE_FAMILY = "1,2";
				VALID_ARCHS = "armv7 arm64";
			};
			name = Debug;
		};
		858B835918CA111C00AB12DE /* Release */ = {
			isa = XCBuildConfiguration;
			buildSettings = {
				ALWAYS_SEARCH_USER_PATHS = NO;
				ARCHS = "$(ARCHS_STANDARD)";
				CLANG_CXX_LANGUAGE_STANDARD = "gnu++0x";
				CLANG_CXX_LIBRARY = "libc++";
				CLANG_ENABLE_MODULES = YES;
				CLANG_ENABLE_OBJC_ARC = YES;
				CLANG_WARN_BOOL_CONVERSION = YES;
				CLANG_WARN_CONSTANT_CONVERSION = YES;
				CLANG_WARN_DIRECT_OBJC_ISA_USAGE = YES_ERROR;
				CLANG_WARN_EMPTY_BODY = YES;
				CLANG_WARN_ENUM_CONVERSION = YES;
				CLANG_WARN_INT_CONVERSION = YES;
				CLANG_WARN_OBJC_ROOT_CLASS = YES_ERROR;
				CLANG_WARN__DUPLICATE_METHOD_MATCH = YES;
				"CODE_SIGN_IDENTITY[sdk=iphoneos*]" = "iPhone Developer";
				COPY_PHASE_STRIP = YES;
				ENABLE_NS_ASSERTIONS = NO;
				GCC_C_LANGUAGE_STANDARD = gnu99;
				GCC_WARN_64_TO_32_BIT_CONVERSION = YES;
				GCC_WARN_ABOUT_RETURN_TYPE = YES_ERROR;
				GCC_WARN_UNDECLARED_SELECTOR = YES;
				GCC_WARN_UNINITIALIZED_AUTOS = YES;
				GCC_WARN_UNUSED_FUNCTION = YES;
				GCC_WARN_UNUSED_VARIABLE = YES;
				IPHONEOS_DEPLOYMENT_TARGET = 8.0;
				SDKROOT = iphoneos;
				TARGETED_DEVICE_FAMILY = "1,2";
				VALIDATE_PRODUCT = YES;
				VALID_ARCHS = "armv7 arm64";
			};
			name = Release;
		};
		858B843118CA22B800AB12DE /* Debug */ = {
			isa = XCBuildConfiguration;
			baseConfigurationReference = CDD59A261BB43B5D00EC2671 /* build-debug.xcconfig */;
			buildSettings = {
				ARCHS = "$(ARCHS_STANDARD)";
				CLANG_ENABLE_MODULES = NO;
				CLANG_MODULES_AUTOLINK = NO;
				ENABLE_BITCODE = NO;
				GCC_PRECOMPILE_PREFIX_HEADER = YES;
				GCC_PREFIX_HEADER = "tnswebformclient/tnswebformclient-Prefix.pch";
				GCC_PREPROCESSOR_DEFINITIONS = (
					"$(inherited)",
					"DEBUG=1",
				);
				INFOPLIST_FILE = "$(SRCROOT)/tnswebformclient/tnswebformclient-Info.plist";
				LD_RUNPATH_SEARCH_PATHS = "$(inherited) @executable_path/Frameworks";
				PRODUCT_NAME = tnswebformclient;
				VALID_ARCHS = "armv7 arm64";
				WRAPPER_EXTENSION = app;
				FRAMEWORK_SEARCH_PATHS = (
					"$(inherited)",
					"\"$(SRCROOT)/../../node_modules/tns-core-modules-widgets/platforms/ios\"",
				);
			};
			name = Debug;
		};
		858B843218CA22B800AB12DE /* Release */ = {
			isa = XCBuildConfiguration;
			baseConfigurationReference = CDD59A271BB43B5D00EC2671 /* build-release.xcconfig */;
			buildSettings = {
				ARCHS = "$(ARCHS_STANDARD)";
				CLANG_ENABLE_MODULES = NO;
				CLANG_MODULES_AUTOLINK = NO;
				ENABLE_BITCODE = NO;
				GCC_PRECOMPILE_PREFIX_HEADER = YES;
				GCC_PREFIX_HEADER = "tnswebformclient/tnswebformclient-Prefix.pch";
				INFOPLIST_FILE = "$(SRCROOT)/tnswebformclient/tnswebformclient-Info.plist";
				LD_RUNPATH_SEARCH_PATHS = "$(inherited) @executable_path/Frameworks";
				PRODUCT_NAME = tnswebformclient;
				VALID_ARCHS = "armv7 arm64";
				WRAPPER_EXTENSION = app;
				FRAMEWORK_SEARCH_PATHS = (
					"$(inherited)",
					"\"$(SRCROOT)/../../node_modules/tns-core-modules-widgets/platforms/ios\"",
				);
			};
			name = Release;
		};
/* End XCBuildConfiguration section */

/* Begin XCConfigurationList section */
		858B832918CA111C00AB12DE /* Build configuration list for PBXProject "tnswebformclient" */ = {
			isa = XCConfigurationList;
			buildConfigurations = (
				858B835818CA111C00AB12DE /* Debug */,
				858B835918CA111C00AB12DE /* Release */,
			);
			defaultConfigurationIsVisible = 0;
			defaultConfigurationName = Release;
		};
		858B843018CA22B800AB12DE /* Build configuration list for PBXNativeTarget "tnswebformclient" */ = {
			isa = XCConfigurationList;
			buildConfigurations = (
				858B843118CA22B800AB12DE /* Debug */,
				858B843218CA22B800AB12DE /* Release */,
			);
			defaultConfigurationIsVisible = 0;
			defaultConfigurationName = Release;
		};
/* End XCConfigurationList section */
	};
	rootObject = 858B832618CA111C00AB12DE /* Project object */;
}
