// !$*UTF8*$!
{
	archiveVersion = 1;
	classes = {
	};
	objectVersion = 46;
	objects = {
/* Begin PBXBuildFile section */
		858B842D18CA22B800AB12DE /* InfoPlist.strings in Resources */ = {isa = PBXBuildFile; fileRef = 858B833A18CA111C00AB12DE /* InfoPlist.strings */; };
		CD45EE7C18DC2D5800FB50C0 /* app in Resources */ = {isa = PBXBuildFile; fileRef = CD45EE7A18DC2D5800FB50C0 /* app */; };
		CD62955D1BB2678900AE3A93 /* main.m in Sources */ = {isa = PBXBuildFile; fileRef = CD62955C1BB2678900AE3A93 /* main.m */; };
		A1E4F78E09ED4E599EB13E22 /* Assets.xcassets in Resources */ = {isa = PBXBuildFile; fileRef = C88F300FA5B74C7C90DB9303 /* Assets.xcassets */; };
		32A700B8B6474A2FB1026A7A /* Default-568h@2x.png in Resources */ = {isa = PBXBuildFile; fileRef = AD9B16259FAB4F31B2A7C434 /* Default-568h@2x.png */; };
		534AF1D8EFB743F790456D24 /* Default-667h.png in Resources */ = {isa = PBXBuildFile; fileRef = 91B130C2480547D2AA1EBE7F /* Default-667h.png */; };
		657927F3F7264D9E9B11BB65 /* Default-736h.png in Resources */ = {isa = PBXBuildFile; fileRef = 63B074EBA1644A6AB5CE5FB2 /* Default-736h.png */; };
		29F021D8E21444DD98EE2631 /* Default-Landscape-1366@2x.png in Resources */ = {isa = PBXBuildFile; fileRef = 490CF0E2F6E845D6BBC1D84B /* Default-Landscape-1366@2x.png */; };
		E36B1C9BD78246A6BB15D4EB /* Default-Landscape-667h.png in Resources */ = {isa = PBXBuildFile; fileRef = B75C4E5546AF4399849B711B /* Default-Landscape-667h.png */; };
		98FAFFA9C6D24887BC1F4320 /* Default-Landscape-736h.png in Resources */ = {isa = PBXBuildFile; fileRef = 18B5339A98114B6881CB6012 /* Default-Landscape-736h.png */; };
		BF4D911EA4584A08A8A709DD /* Default-Landscape.png in Resources */ = {isa = PBXBuildFile; fileRef = 3422D101C32D47F8A0222EAC /* Default-Landscape.png */; };
		D97E8B3D7E6A4A14B8604374 /* Default-Landscape@2x.png in Resources */ = {isa = PBXBuildFile; fileRef = E330374E55EE40A1B1805A81 /* Default-Landscape@2x.png */; };
		76CED0D80A1B496D858FC72C /* Default-Portrait-1366@2x.png in Resources */ = {isa = PBXBuildFile; fileRef = 9B54B2A319284D4E9AACD9A8 /* Default-Portrait-1366@2x.png */; };
		8DD0A250C4E1488AA7258F33 /* Default-Portrait.png in Resources */ = {isa = PBXBuildFile; fileRef = 909C8AA08B194CF4B79165F6 /* Default-Portrait.png */; };
		F44F6A1F58644FD08AB64830 /* Default-Portrait@2x.png in Resources */ = {isa = PBXBuildFile; fileRef = DF8BD80551924F039867DE96 /* Default-Portrait@2x.png */; };
		F89ADD515430434FAD820FEF /* Default.png in Resources */ = {isa = PBXBuildFile; fileRef = CE0CBD579C7B4BDE8986B4B2 /* Default.png */; };
		E8A26708CEED4EAC9D54F097 /* Default@2x.png in Resources */ = {isa = PBXBuildFile; fileRef = 4455AAFD00804822BFC4094A /* Default@2x.png */; };
		4DD5DC30CED84E56BC07064E /* Icon-Small-50.png in Resources */ = {isa = PBXBuildFile; fileRef = 57C13A2F07BA4CB685439B60 /* Icon-Small-50.png */; };
		8E7D92A350C142DD8225E935 /* Icon-Small-50@2x.png in Resources */ = {isa = PBXBuildFile; fileRef = 333AB1DE229A44DCA411B0C5 /* Icon-Small-50@2x.png */; };
		C739754FFCDA4E93AC239387 /* Icon-Small.png in Resources */ = {isa = PBXBuildFile; fileRef = 6F4070D46A5D48E3BF2C0A9B /* Icon-Small.png */; };
		72D604D1B3DA4A39957C79B5 /* Icon-Small@2x.png in Resources */ = {isa = PBXBuildFile; fileRef = BC29AC8F8D3E4AB88EDDD06A /* Icon-Small@2x.png */; };
		11A534B73FDA4AE4AC5A43AD /* LaunchScreen.storyboard in Resources */ = {isa = PBXBuildFile; fileRef = 377337521CE1465FAC6AA781 /* LaunchScreen.storyboard */; };
		B69613715A6D4193A366EE6E /* build.xcconfig in Resources */ = {isa = PBXBuildFile; fileRef = 5BD6D4EC36F5485EA2B5E7B9 /* build.xcconfig */; };
		469402A4CA8C4AA2BF8D8B0C /* icon-40.png in Resources */ = {isa = PBXBuildFile; fileRef = EE7598101A4347BF80168EEC /* icon-40.png */; };
		587018CB2A4F44408AD71579 /* icon-40@2x.png in Resources */ = {isa = PBXBuildFile; fileRef = 45943720CE4E4C2888441EEF /* icon-40@2x.png */; };
		9F91D1493C304C2DA2AE1151 /* icon-40@3x.png in Resources */ = {isa = PBXBuildFile; fileRef = 91AC7A2F7B3C4025A23DFB1E /* icon-40@3x.png */; };
		BB8E74E643754E02BB38BE29 /* icon-60.png in Resources */ = {isa = PBXBuildFile; fileRef = D6E01ECC1ED34BDCB344E5B4 /* icon-60.png */; };
		7DE4F0CC0F114E06A318ABD2 /* icon-60@2x.png in Resources */ = {isa = PBXBuildFile; fileRef = 418FC87F52AC4F12B1E7FB53 /* icon-60@2x.png */; };
		3BCBCA1FEEB3482DAF698055 /* icon-60@3x.png in Resources */ = {isa = PBXBuildFile; fileRef = D4B3D8D6C884454EB06EF946 /* icon-60@3x.png */; };
		E716F1FE3524480195AFF826 /* icon-72.png in Resources */ = {isa = PBXBuildFile; fileRef = 6E3953D4C7D14CDAA7130F10 /* icon-72.png */; };
		0D4FDF39F3E34C2489CBE16E /* icon-72@2x.png in Resources */ = {isa = PBXBuildFile; fileRef = BB3CAB817F3843B39A674290 /* icon-72@2x.png */; };
		6454D007F39B4707960D52DB /* icon-76.png in Resources */ = {isa = PBXBuildFile; fileRef = A7446B8637244A13A4B2E859 /* icon-76.png */; };
		B896F0CB032D4BF7B80F93D0 /* icon-76@2x.png in Resources */ = {isa = PBXBuildFile; fileRef = EC376724018543EE943B7C28 /* icon-76@2x.png */; };
		729FE7E200BA47A7B212898C /* icon-83.5@2x.png in Resources */ = {isa = PBXBuildFile; fileRef = B15C213A96C04B19A6A52660 /* icon-83.5@2x.png */; };
		986AB8A9D90B49F09017D310 /* icon.png in Resources */ = {isa = PBXBuildFile; fileRef = 43FEEB635DA14A008876DA8C /* icon.png */; };
		1F04C0061F524949A968B247 /* icon@2x.png in Resources */ = {isa = PBXBuildFile; fileRef = 8D9192BCDC1C476BA1C5B0B9 /* icon@2x.png */; };
		A1A40A5B181F4D97B486697C /* TNSWidgets.framework in Frameworks */ = {isa = PBXBuildFile; fileRef = 882169A59F194183A4235E2D /* TNSWidgets.framework */; };
		9877361561C54427B2E66445 /* TNSWidgets.framework in Embed Frameworks */ = {isa = PBXBuildFile; fileRef = 882169A59F194183A4235E2D /* TNSWidgets.framework */; settings = {ATTRIBUTES = (CodeSignOnCopy, RemoveHeadersOnCopy, ); }; };
/* End PBXBuildFile section */

/* Begin PBXCopyFilesBuildPhase section */
		85F5BDFC1A9363BE006B9701 /* Embed Frameworks */ = {
			isa = PBXCopyFilesBuildPhase;
			buildActionMask = 2147483647;
			dstPath = "";
			dstSubfolderSpec = 10;
			files = (
				9877361561C54427B2E66445 /* TNSWidgets.framework in Embed Frameworks */,
			);
			name = "Embed Frameworks";
			runOnlyForDeploymentPostprocessing = 0;
		};
/* End PBXCopyFilesBuildPhase section */

/* Begin PBXFileReference section */
		858B832E18CA111C00AB12DE /* tnswebformclient.app */ = {isa = PBXFileReference; explicitFileType = wrapper.application; includeInIndex = 0; path = tnswebformclient.app; sourceTree = BUILT_PRODUCTS_DIR; };
		858B833918CA111C00AB12DE /* tnswebformclient-Info.plist */ = {isa = PBXFileReference; lastKnownFileType = text.plist.xml; path = "tnswebformclient-Info.plist"; sourceTree = "<group>"; };
		858B833B18CA111C00AB12DE /* en */ = {isa = PBXFileReference; lastKnownFileType = text.plist.strings; name = en; path = en.lproj/InfoPlist.strings; sourceTree = "<group>"; };
		858B833F18CA111C00AB12DE /* tnswebformclient-Prefix.pch */ = {isa = PBXFileReference; lastKnownFileType = sourcecode.c.h; path = "tnswebformclient-Prefix.pch"; sourceTree = "<group>"; };
		858B843318CA22B800AB12DE /* tnswebformclient.app */ = {isa = PBXFileReference; explicitFileType = wrapper.application; includeInIndex = 0; path = tnswebformclient.app; sourceTree = BUILT_PRODUCTS_DIR; };
		CD45EE7A18DC2D5800FB50C0 /* app */ = {isa = PBXFileReference; lastKnownFileType = folder; path = app; sourceTree = "<group>"; };
		CD62955C1BB2678900AE3A93 /* main.m */ = {isa = PBXFileReference; fileEncoding = 4; lastKnownFileType = sourcecode.c.objc; name = main.m; path = internal/main.m; sourceTree = SOURCE_ROOT; };
		CDD59A261BB43B5D00EC2671 /* build-debug.xcconfig */ = {isa = PBXFileReference; fileEncoding = 4; lastKnownFileType = text.xcconfig; path = "build-debug.xcconfig"; sourceTree = "<group>"; };
		CDD59A271BB43B5D00EC2671 /* build-release.xcconfig */ = {isa = PBXFileReference; fileEncoding = 4; lastKnownFileType = text.xcconfig; path = "build-release.xcconfig"; sourceTree = "<group>"; };
		CDF4743E1BA4855C0087EA85 /* build.xcconfig */ = {isa = PBXFileReference; fileEncoding = 4; lastKnownFileType = text.xcconfig; path = build.xcconfig; sourceTree = "<group>"; };
		C88F300FA5B74C7C90DB9303 /* Assets.xcassets */ = {isa = PBXFileReference; lastKnownFileType = unknown; name = Assets.xcassets; path = "tnswebformclient/Resources/Assets.xcassets"; sourceTree = "<group>"; fileEncoding = 4; };
		AD9B16259FAB4F31B2A7C434 /* Default-568h@2x.png */ = {isa = PBXFileReference; lastKnownFileType = image.png; name = "Default-568h@2x.png"; path = "tnswebformclient/Resources/Default-568h@2x.png"; sourceTree = "<group>"; };
		91B130C2480547D2AA1EBE7F /* Default-667h.png */ = {isa = PBXFileReference; lastKnownFileType = image.png; name = "Default-667h.png"; path = "tnswebformclient/Resources/Default-667h.png"; sourceTree = "<group>"; };
		63B074EBA1644A6AB5CE5FB2 /* Default-736h.png */ = {isa = PBXFileReference; lastKnownFileType = image.png; name = "Default-736h.png"; path = "tnswebformclient/Resources/Default-736h.png"; sourceTree = "<group>"; };
		490CF0E2F6E845D6BBC1D84B /* Default-Landscape-1366@2x.png */ = {isa = PBXFileReference; lastKnownFileType = image.png; name = "Default-Landscape-1366@2x.png"; path = "tnswebformclient/Resources/Default-Landscape-1366@2x.png"; sourceTree = "<group>"; };
		B75C4E5546AF4399849B711B /* Default-Landscape-667h.png */ = {isa = PBXFileReference; lastKnownFileType = image.png; name = "Default-Landscape-667h.png"; path = "tnswebformclient/Resources/Default-Landscape-667h.png"; sourceTree = "<group>"; };
		18B5339A98114B6881CB6012 /* Default-Landscape-736h.png */ = {isa = PBXFileReference; lastKnownFileType = image.png; name = "Default-Landscape-736h.png"; path = "tnswebformclient/Resources/Default-Landscape-736h.png"; sourceTree = "<group>"; };
		3422D101C32D47F8A0222EAC /* Default-Landscape.png */ = {isa = PBXFileReference; lastKnownFileType = image.png; name = "Default-Landscape.png"; path = "tnswebformclient/Resources/Default-Landscape.png"; sourceTree = "<group>"; };
		E330374E55EE40A1B1805A81 /* Default-Landscape@2x.png */ = {isa = PBXFileReference; lastKnownFileType = image.png; name = "Default-Landscape@2x.png"; path = "tnswebformclient/Resources/Default-Landscape@2x.png"; sourceTree = "<group>"; };
		9B54B2A319284D4E9AACD9A8 /* Default-Portrait-1366@2x.png */ = {isa = PBXFileReference; lastKnownFileType = image.png; name = "Default-Portrait-1366@2x.png"; path = "tnswebformclient/Resources/Default-Portrait-1366@2x.png"; sourceTree = "<group>"; };
		909C8AA08B194CF4B79165F6 /* Default-Portrait.png */ = {isa = PBXFileReference; lastKnownFileType = image.png; name = "Default-Portrait.png"; path = "tnswebformclient/Resources/Default-Portrait.png"; sourceTree = "<group>"; };
		DF8BD80551924F039867DE96 /* Default-Portrait@2x.png */ = {isa = PBXFileReference; lastKnownFileType = image.png; name = "Default-Portrait@2x.png"; path = "tnswebformclient/Resources/Default-Portrait@2x.png"; sourceTree = "<group>"; };
		CE0CBD579C7B4BDE8986B4B2 /* Default.png */ = {isa = PBXFileReference; lastKnownFileType = image.png; name = Default.png; path = "tnswebformclient/Resources/Default.png"; sourceTree = "<group>"; };
		4455AAFD00804822BFC4094A /* Default@2x.png */ = {isa = PBXFileReference; lastKnownFileType = image.png; name = "Default@2x.png"; path = "tnswebformclient/Resources/Default@2x.png"; sourceTree = "<group>"; };
		57C13A2F07BA4CB685439B60 /* Icon-Small-50.png */ = {isa = PBXFileReference; lastKnownFileType = image.png; name = "Icon-Small-50.png"; path = "tnswebformclient/Resources/Icon-Small-50.png"; sourceTree = "<group>"; };
		333AB1DE229A44DCA411B0C5 /* Icon-Small-50@2x.png */ = {isa = PBXFileReference; lastKnownFileType = image.png; name = "Icon-Small-50@2x.png"; path = "tnswebformclient/Resources/Icon-Small-50@2x.png"; sourceTree = "<group>"; };
		6F4070D46A5D48E3BF2C0A9B /* Icon-Small.png */ = {isa = PBXFileReference; lastKnownFileType = image.png; name = "Icon-Small.png"; path = "tnswebformclient/Resources/Icon-Small.png"; sourceTree = "<group>"; };
		BC29AC8F8D3E4AB88EDDD06A /* Icon-Small@2x.png */ = {isa = PBXFileReference; lastKnownFileType = image.png; name = "Icon-Small@2x.png"; path = "tnswebformclient/Resources/Icon-Small@2x.png"; sourceTree = "<group>"; };
		377337521CE1465FAC6AA781 /* LaunchScreen.storyboard */ = {isa = PBXFileReference; lastKnownFileType = unknown; name = LaunchScreen.storyboard; path = "tnswebformclient/Resources/LaunchScreen.storyboard"; sourceTree = "<group>"; fileEncoding = 4; };
		5BD6D4EC36F5485EA2B5E7B9 /* build.xcconfig */ = {isa = PBXFileReference; lastKnownFileType = unknown; name = build.xcconfig; path = "tnswebformclient/Resources/build.xcconfig"; sourceTree = "<group>"; fileEncoding = 4; };
		EE7598101A4347BF80168EEC /* icon-40.png */ = {isa = PBXFileReference; lastKnownFileType = image.png; name = "icon-40.png"; path = "tnswebformclient/Resources/icon-40.png"; sourceTree = "<group>"; };
		45943720CE4E4C2888441EEF /* icon-40@2x.png */ = {isa = PBXFileReference; lastKnownFileType = image.png; name = "icon-40@2x.png"; path = "tnswebformclient/Resources/icon-40@2x.png"; sourceTree = "<group>"; };
		91AC7A2F7B3C4025A23DFB1E /* icon-40@3x.png */ = {isa = PBXFileReference; lastKnownFileType = image.png; name = "icon-40@3x.png"; path = "tnswebformclient/Resources/icon-40@3x.png"; sourceTree = "<group>"; };
		D6E01ECC1ED34BDCB344E5B4 /* icon-60.png */ = {isa = PBXFileReference; lastKnownFileType = image.png; name = "icon-60.png"; path = "tnswebformclient/Resources/icon-60.png"; sourceTree = "<group>"; };
		418FC87F52AC4F12B1E7FB53 /* icon-60@2x.png */ = {isa = PBXFileReference; lastKnownFileType = image.png; name = "icon-60@2x.png"; path = "tnswebformclient/Resources/icon-60@2x.png"; sourceTree = "<group>"; };
		D4B3D8D6C884454EB06EF946 /* icon-60@3x.png */ = {isa = PBXFileReference; lastKnownFileType = image.png; name = "icon-60@3x.png"; path = "tnswebformclient/Resources/icon-60@3x.png"; sourceTree = "<group>"; };
		6E3953D4C7D14CDAA7130F10 /* icon-72.png */ = {isa = PBXFileReference; lastKnownFileType = image.png; name = "icon-72.png"; path = "tnswebformclient/Resources/icon-72.png"; sourceTree = "<group>"; };
		BB3CAB817F3843B39A674290 /* icon-72@2x.png */ = {isa = PBXFileReference; lastKnownFileType = image.png; name = "icon-72@2x.png"; path = "tnswebformclient/Resources/icon-72@2x.png"; sourceTree = "<group>"; };
		A7446B8637244A13A4B2E859 /* icon-76.png */ = {isa = PBXFileReference; lastKnownFileType = image.png; name = "icon-76.png"; path = "tnswebformclient/Resources/icon-76.png"; sourceTree = "<group>"; };
		EC376724018543EE943B7C28 /* icon-76@2x.png */ = {isa = PBXFileReference; lastKnownFileType = image.png; name = "icon-76@2x.png"; path = "tnswebformclient/Resources/icon-76@2x.png"; sourceTree = "<group>"; };
		B15C213A96C04B19A6A52660 /* icon-83.5@2x.png */ = {isa = PBXFileReference; lastKnownFileType = image.png; name = "icon-83.5@2x.png"; path = "tnswebformclient/Resources/icon-83.5@2x.png"; sourceTree = "<group>"; };
		43FEEB635DA14A008876DA8C /* icon.png */ = {isa = PBXFileReference; lastKnownFileType = image.png; name = icon.png; path = "tnswebformclient/Resources/icon.png"; sourceTree = "<group>"; };
		8D9192BCDC1C476BA1C5B0B9 /* icon@2x.png */ = {isa = PBXFileReference; lastKnownFileType = image.png; name = "icon@2x.png"; path = "tnswebformclient/Resources/icon@2x.png"; sourceTree = "<group>"; };
		882169A59F194183A4235E2D /* TNSWidgets.framework */ = {isa = PBXFileReference; lastKnownFileType = wrapper.framework; name = TNSWidgets.framework; path = "$(SRCROOT)/../../node_modules/tns-core-modules-widgets/platforms/ios/TNSWidgets.framework"; sourceTree = "<group>"; };
/* End PBXFileReference section */

/* Begin PBXFrameworksBuildPhase section */
		858B83F418CA22B800AB12DE /* Frameworks */ = {
			isa = PBXFrameworksBuildPhase;
			buildActionMask = 2147483647;
			files = (
				A1A40A5B181F4D97B486697C /* TNSWidgets.framework in Frameworks */,
			);
			runOnlyForDeploymentPostprocessing = 0;
		};
/* End PBXFrameworksBuildPhase section */

/* Begin PBXGroup section */
		858B832518CA111C00AB12DE = {
			isa = PBXGroup;
			children = (
				E070579D1B39A9D000214BF1 /* Resources */,
				858B833718CA111C00AB12DE /* tnswebformclient */,
				858B833018CA111C00AB12DE /* Frameworks */,
				858B832F18CA111C00AB12DE /* Products */,
			);
			sourceTree = "<group>";
		};
		858B832F18CA111C00AB12DE /* Products */ = {
			isa = PBXGroup;
			children = (
				858B832E18CA111C00AB12DE /* tnswebformclient.app */,
				858B843318CA22B800AB12DE /* tnswebformclient.app */,
			);
			name = Products;
			sourceTree = "<group>";
		};
		858B833018CA111C00AB12DE /* Frameworks */ = {
			isa = PBXGroup;
			children = (
				882169A59F194183A4235E2D /* TNSWidgets.framework */,
			);
			name = Frameworks;
			sourceTree = "<group>";
		};
		858B833718CA111C00AB12DE /* tnswebformclient */ = {
			isa = PBXGroup;
			children = (
				CD45EE7A18DC2D5800FB50C0 /* app */,
				858B833818CA111C00AB12DE /* Supporting Files */,
			);
			path = tnswebformclient;
			sourceTree = "<group>";
		};
		858B833818CA111C00AB12DE /* Supporting Files */ = {
			isa = PBXGroup;
			children = (
				CDF4743E1BA4855C0087EA85 /* build.xcconfig */,
				CDD59A261BB43B5D00EC2671 /* build-debug.xcconfig */,
				CDD59A271BB43B5D00EC2671 /* build-release.xcconfig */,
				858B833918CA111C00AB12DE /* tnswebformclient-Info.plist */,
				858B833A18CA111C00AB12DE /* InfoPlist.strings */,
				CD62955C1BB2678900AE3A93 /* main.m */,
				858B833F18CA111C00AB12DE /* tnswebformclient-Prefix.pch */,
			);
			name = "Supporting Files";
			sourceTree = "<group>";
		};
		E070579D1B39A9D000214BF1 /* Resources */ = {
			isa = PBXGroup;
			children = (
				C88F300FA5B74C7C90DB9303 /* Assets.xcassets */,
				AD9B16259FAB4F31B2A7C434 /* Default-568h@2x.png */,
				91B130C2480547D2AA1EBE7F /* Default-667h.png */,
				63B074EBA1644A6AB5CE5FB2 /* Default-736h.png */,
				490CF0E2F6E845D6BBC1D84B /* Default-Landscape-1366@2x.png */,
				B75C4E5546AF4399849B711B /* Default-Landscape-667h.png */,
				18B5339A98114B6881CB6012 /* Default-Landscape-736h.png */,
				3422D101C32D47F8A0222EAC /* Default-Landscape.png */,
				E330374E55EE40A1B1805A81 /* Default-Landscape@2x.png */,
				9B54B2A319284D4E9AACD9A8 /* Default-Portrait-1366@2x.png */,
				909C8AA08B194CF4B79165F6 /* Default-Portrait.png */,
				DF8BD80551924F039867DE96 /* Default-Portrait@2x.png */,
				CE0CBD579C7B4BDE8986B4B2 /* Default.png */,
				4455AAFD00804822BFC4094A /* Default@2x.png */,
				57C13A2F07BA4CB685439B60 /* Icon-Small-50.png */,
				333AB1DE229A44DCA411B0C5 /* Icon-Small-50@2x.png */,
				6F4070D46A5D48E3BF2C0A9B /* Icon-Small.png */,
				BC29AC8F8D3E4AB88EDDD06A /* Icon-Small@2x.png */,
				377337521CE1465FAC6AA781 /* LaunchScreen.storyboard */,
				5BD6D4EC36F5485EA2B5E7B9 /* build.xcconfig */,
				EE7598101A4347BF80168EEC /* icon-40.png */,
				45943720CE4E4C2888441EEF /* icon-40@2x.png */,
				91AC7A2F7B3C4025A23DFB1E /* icon-40@3x.png */,
				D6E01ECC1ED34BDCB344E5B4 /* icon-60.png */,
				418FC87F52AC4F12B1E7FB53 /* icon-60@2x.png */,
				D4B3D8D6C884454EB06EF946 /* icon-60@3x.png */,
				6E3953D4C7D14CDAA7130F10 /* icon-72.png */,
				BB3CAB817F3843B39A674290 /* icon-72@2x.png */,
				A7446B8637244A13A4B2E859 /* icon-76.png */,
				EC376724018543EE943B7C28 /* icon-76@2x.png */,
				B15C213A96C04B19A6A52660 /* icon-83.5@2x.png */,
				43FEEB635DA14A008876DA8C /* icon.png */,
				8D9192BCDC1C476BA1C5B0B9 /* icon@2x.png */,
			);
			name = Resources;
			sourceTree = "<group>";
		};
/* End PBXGroup section */

/* Begin PBXNativeTarget section */
		858B83EF18CA22B800AB12DE /* tnswebformclient */ = {
			isa = PBXNativeTarget;
			buildConfigurationList = 858B843018CA22B800AB12DE /* Build configuration list for PBXNativeTarget "tnswebformclient" */;
			buildPhases = (
				C97FD7AC1ADE5369004DB2A4 /* NativeScript PreBuild */,
				858B83F218CA22B800AB12DE /* Sources */,
				CD62955B1BB2651D00AE3A93 /* NativeScript PreLink */,
				858B83F418CA22B800AB12DE /* Frameworks */,
				858B842C18CA22B800AB12DE /* Resources */,
				85F5BDFC1A9363BE006B9701 /* Embed Frameworks */,
				CD3EAD351B05FF060042DBFC /* NativeScript PostBuild */,
			);
			buildRules = (
			);
			dependencies = (
			);
			name = tnswebformclient;
			productName = JDBridgeApp;
			productReference = 858B843318CA22B800AB12DE /* tnswebformclient.app */;
			productType = "com.apple.product-type.application";
		};
/* End PBXNativeTarget section */

/* Begin PBXProject section */
		858B832618CA111C00AB12DE /* Project object */ = {
			isa = PBXProject;
			attributes = {
				CLASSPREFIX = TNS;
				LastUpgradeCheck = 500;
				ORGANIZATIONNAME = Telerik;
			};
			buildConfigurationList = 858B832918CA111C00AB12DE /* Build configuration list for PBXProject "tnswebformclient" */;
			compatibilityVersion = "Xcode 3.2";
			developmentRegion = English;
			hasScannedForEncodings = 0;
			knownRegions = (
				en,
			);
			mainGroup = 858B832518CA111C00AB12DE;
			productRefGroup = 858B832F18CA111C00AB12DE /* Products */;
			projectDirPath = "";
			projectRoot = "";
			targets = (
				858B83EF18CA22B800AB12DE /* tnswebformclient */,
			);
		};
/* End PBXProject section */

/* Begin PBXResourcesBuildPhase section */
		858B842C18CA22B800AB12DE /* Resources */ = {
			isa = PBXResourcesBuildPhase;
			buildActionMask = 2147483647;
			files = (
				CD45EE7C18DC2D5800FB50C0 /* app in Resources */,
				858B842D18CA22B800AB12DE /* InfoPlist.strings in Resources */,
				A1E4F78E09ED4E599EB13E22 /* Assets.xcassets in Resources */,
				32A700B8B6474A2FB1026A7A /* Default-568h@2x.png in Resources */,
				534AF1D8EFB743F790456D24 /* Default-667h.png in Resources */,
				657927F3F7264D9E9B11BB65 /* Default-736h.png in Resources */,
				29F021D8E21444DD98EE2631 /* Default-Landscape-1366@2x.png in Resources */,
				E36B1C9BD78246A6BB15D4EB /* Default-Landscape-667h.png in Resources */,
				98FAFFA9C6D24887BC1F4320 /* Default-Landscape-736h.png in Resources */,
				BF4D911EA4584A08A8A709DD /* Default-Landscape.png in Resources */,
				D97E8B3D7E6A4A14B8604374 /* Default-Landscape@2x.png in Resources */,
				76CED0D80A1B496D858FC72C /* Default-Portrait-1366@2x.png in Resources */,
				8DD0A250C4E1488AA7258F33 /* Default-Portrait.png in Resources */,
				F44F6A1F58644FD08AB64830 /* Default-Portrait@2x.png in Resources */,
				F89ADD515430434FAD820FEF /* Default.png in Resources */,
				E8A26708CEED4EAC9D54F097 /* Default@2x.png in Resources */,
				4DD5DC30CED84E56BC07064E /* Icon-Small-50.png in Resources */,
				8E7D92A350C142DD8225E935 /* Icon-Small-50@2x.png in Resources */,
				C739754FFCDA4E93AC239387 /* Icon-Small.png in Resources */,
				72D604D1B3DA4A39957C79B5 /* Icon-Small@2x.png in Resources */,
				11A534B73FDA4AE4AC5A43AD /* LaunchScreen.storyboard in Resources */,
				B69613715A6D4193A366EE6E /* build.xcconfig in Resources */,
				469402A4CA8C4AA2BF8D8B0C /* icon-40.png in Resources */,
				587018CB2A4F44408AD71579 /* icon-40@2x.png in Resources */,
				9F91D1493C304C2DA2AE1151 /* icon-40@3x.png in Resources */,
				BB8E74E643754E02BB38BE29 /* icon-60.png in Resources */,
				7DE4F0CC0F114E06A318ABD2 /* icon-60@2x.png in Resources */,
				3BCBCA1FEEB3482DAF698055 /* icon-60@3x.png in Resources */,
				E716F1FE3524480195AFF826 /* icon-72.png in Resources */,
				0D4FDF39F3E34C2489CBE16E /* icon-72@2x.png in Resources */,
				6454D007F39B4707960D52DB /* icon-76.png in Resources */,
				B896F0CB032D4BF7B80F93D0 /* icon-76@2x.png in Resources */,
				729FE7E200BA47A7B212898C /* icon-83.5@2x.png in Resources */,
				986AB8A9D90B49F09017D310 /* icon.png in Resources */,
				1F04C0061F524949A968B247 /* icon@2x.png in Resources */,
			);
			runOnlyForDeploymentPostprocessing = 0;
		};
/* End PBXResourcesBuildPhase section */

/* Begin PBXShellScriptBuildPhase section */
		C97FD7AC1ADE5369004DB2A4 /* NativeScript PreBuild */ = {
			isa = PBXShellScriptBuildPhase;
			buildActionMask = 2147483647;
			files = (
			);
			inputPaths = (
			);
			name = "NativeScript PreBuild";
			outputPaths = (
			);
			runOnlyForDeploymentPostprocessing = 0;
			shellPath = /bin/sh;
			shellScript = "\"$SRCROOT/internal/nativescript-pre-build\"";
			showEnvVarsInLog = 0;
		};
		CD3EAD351B05FF060042DBFC /* NativeScript PostBuild */ = {
			isa = PBXShellScriptBuildPhase;
			buildActionMask = 2147483647;
			files = (
			);
			inputPaths = (
			);
			name = "NativeScript PostBuild";
			outputPaths = (
			);
			runOnlyForDeploymentPostprocessing = 0;
			shellPath = /bin/sh;
			shellScript = "\"$SRCROOT/internal/nativescript-post-build\"";
			showEnvVarsInLog = 0;
		};
		CD62955B1BB2651D00AE3A93 /* NativeScript PreLink */ = {
			isa = PBXShellScriptBuildPhase;
			buildActionMask = 2147483647;
			files = (
			);
			inputPaths = (
			);
			name = "NativeScript PreLink";
			outputPaths = (
			);
			runOnlyForDeploymentPostprocessing = 0;
			shellPath = /bin/sh;
			shellScript = "\"$SRCROOT/internal/nativescript-pre-link\"";
			showEnvVarsInLog = 0;
		};
/* End PBXShellScriptBuildPhase section */

/* Begin PBXSourcesBuildPhase section */
		858B83F218CA22B800AB12DE /* Sources */ = {
			isa = PBXSourcesBuildPhase;
			buildActionMask = 2147483647;
			files = (
				CD62955D1BB2678900AE3A93 /* main.m in Sources */,
			);
			runOnlyForDeploymentPostprocessing = 0;
		};
/* End PBXSourcesBuildPhase section */

/* Begin PBXVariantGroup section */
		858B833A18CA111C00AB12DE /* InfoPlist.strings */ = {
			isa = PBXVariantGroup;
			children = (
				858B833B18CA111C00AB12DE /* en */,
			);
			name = InfoPlist.strings;
			sourceTree = "<group>";
		};
/* End PBXVariantGroup section */

/* Begin XCBuildConfiguration section */
		858B835818CA111C00AB12DE /* Debug */ = {
			isa = XCBuildConfiguration;
			buildSettings = {
				ALWAYS_SEARCH_USER_PATHS = NO;
				ARCHS = "$(ARCHS_STANDARD)";
				CLANG_CXX_LANGUAGE_STANDARD = "gnu++0x";
				CLANG_CXX_LIBRARY = "libc++";
				CLANG_ENABLE_MODULES = YES;
				CLANG_ENABLE_OBJC_ARC = YES;
				CLANG_WARN_BOOL_CONVERSION = YES;
				CLANG_WARN_CONSTANT_CONVERSION = YES;
				CLANG_WARN_DIRECT_OBJC_ISA_USAGE = YES_ERROR;
				CLANG_WARN_EMPTY_BODY = YES;
				CLANG_WARN_ENUM_CONVERSION = YES;
				CLANG_WARN_INT_CONVERSION = YES;
				CLANG_WARN_OBJC_ROOT_CLASS = YES_ERROR;
				CLANG_WARN__DUPLICATE_METHOD_MATCH = YES;
				"CODE_SIGN_IDENTITY[sdk=iphoneos*]" = "iPhone Developer";
				COPY_PHASE_STRIP = NO;
				GCC_C_LANGUAGE_STANDARD = gnu99;
				GCC_DYNAMIC_NO_PIC = NO;
				GCC_OPTIMIZATION_LEVEL = 0;
				GCC_SYMBOLS_PRIVATE_EXTERN = NO;
				GCC_WARN_64_TO_32_BIT_CONVERSION = YES;
				GCC_WARN_ABOUT_RETURN_TYPE = YES_ERROR;
				GCC_WARN_UNDECLARED_SELECTOR = YES;
				GCC_WARN_UNINITIALIZED_AUTOS = YES;
				GCC_WARN_UNUSED_FUNCTION = YES;
				GCC_WARN_UNUSED_VARIABLE = YES;
				IPHONEOS_DEPLOYMENT_TARGET = 8.0;
				ONLY_ACTIVE_ARCH = YES;
				SDKROOT = iphoneos;
				TARGETED_DEVICE_FAMILY = "1,2";
				VALID_ARCHS = "armv7 arm64";
			};
			name = Debug;
		};
		858B835918CA111C00AB12DE /* Release */ = {
			isa = XCBuildConfiguration;
			buildSettings = {
				ALWAYS_SEARCH_USER_PATHS = NO;
				ARCHS = "$(ARCHS_STANDARD)";
				CLANG_CXX_LANGUAGE_STANDARD = "gnu++0x";
				CLANG_CXX_LIBRARY = "libc++";
				CLANG_ENABLE_MODULES = YES;
				CLANG_ENABLE_OBJC_ARC = YES;
				CLANG_WARN_BOOL_CONVERSION = YES;
				CLANG_WARN_CONSTANT_CONVERSION = YES;
				CLANG_WARN_DIRECT_OBJC_ISA_USAGE = YES_ERROR;
				CLANG_WARN_EMPTY_BODY = YES;
				CLANG_WARN_ENUM_CONVERSION = YES;
				CLANG_WARN_INT_CONVERSION = YES;
				CLANG_WARN_OBJC_ROOT_CLASS = YES_ERROR;
				CLANG_WARN__DUPLICATE_METHOD_MATCH = YES;
				"CODE_SIGN_IDENTITY[sdk=iphoneos*]" = "iPhone Developer";
				COPY_PHASE_STRIP = YES;
				ENABLE_NS_ASSERTIONS = NO;
				GCC_C_LANGUAGE_STANDARD = gnu99;
				GCC_WARN_64_TO_32_BIT_CONVERSION = YES;
				GCC_WARN_ABOUT_RETURN_TYPE = YES_ERROR;
				GCC_WARN_UNDECLARED_SELECTOR = YES;
				GCC_WARN_UNINITIALIZED_AUTOS = YES;
				GCC_WARN_UNUSED_FUNCTION = YES;
				GCC_WARN_UNUSED_VARIABLE = YES;
				IPHONEOS_DEPLOYMENT_TARGET = 8.0;
				SDKROOT = iphoneos;
				TARGETED_DEVICE_FAMILY = "1,2";
				VALIDATE_PRODUCT = YES;
				VALID_ARCHS = "armv7 arm64";
			};
			name = Release;
		};
		858B843118CA22B800AB12DE /* Debug */ = {
			isa = XCBuildConfiguration;
			baseConfigurationReference = CDD59A261BB43B5D00EC2671 /* build-debug.xcconfig */;
			buildSettings = {
				ARCHS = "$(ARCHS_STANDARD)";
				CLANG_ENABLE_MODULES = NO;
				CLANG_MODULES_AUTOLINK = NO;
				ENABLE_BITCODE = NO;
				GCC_PRECOMPILE_PREFIX_HEADER = YES;
				GCC_PREFIX_HEADER = "tnswebformclient/tnswebformclient-Prefix.pch";
				GCC_PREPROCESSOR_DEFINITIONS = (
					"$(inherited)",
					"DEBUG=1",
				);
				INFOPLIST_FILE = "$(SRCROOT)/tnswebformclient/tnswebformclient-Info.plist";
				LD_RUNPATH_SEARCH_PATHS = "$(inherited) @executable_path/Frameworks";
				PRODUCT_NAME = tnswebformclient;
				VALID_ARCHS = "armv7 arm64";
				WRAPPER_EXTENSION = app;
				FRAMEWORK_SEARCH_PATHS = (
					"$(inherited)",
					"\"$(SRCROOT)/../../node_modules/tns-core-modules-widgets/platforms/ios\"",
				);
			};
			name = Debug;
		};
		858B843218CA22B800AB12DE /* Release */ = {
			isa = XCBuildConfiguration;
			baseConfigurationReference = CDD59A271BB43B5D00EC2671 /* build-release.xcconfig */;
			buildSettings = {
				ARCHS = "$(ARCHS_STANDARD)";
				CLANG_ENABLE_MODULES = NO;
				CLANG_MODULES_AUTOLINK = NO;
				ENABLE_BITCODE = NO;
				GCC_PRECOMPILE_PREFIX_HEADER = YES;
				GCC_PREFIX_HEADER = "tnswebformclient/tnswebformclient-Prefix.pch";
				INFOPLIST_FILE = "$(SRCROOT)/tnswebformclient/tnswebformclient-Info.plist";
				LD_RUNPATH_SEARCH_PATHS = "$(inherited) @executable_path/Frameworks";
				PRODUCT_NAME = tnswebformclient;
				VALID_ARCHS = "armv7 arm64";
				WRAPPER_EXTENSION = app;
				FRAMEWORK_SEARCH_PATHS = (
					"$(inherited)",
					"\"$(SRCROOT)/../../node_modules/tns-core-modules-widgets/platforms/ios\"",
				);
			};
			name = Release;
		};
/* End XCBuildConfiguration section */

/* Begin XCConfigurationList section */
		858B832918CA111C00AB12DE /* Build configuration list for PBXProject "tnswebformclient" */ = {
			isa = XCConfigurationList;
			buildConfigurations = (
				858B835818CA111C00AB12DE /* Debug */,
				858B835918CA111C00AB12DE /* Release */,
			);
			defaultConfigurationIsVisible = 0;
			defaultConfigurationName = Release;
		};
		858B843018CA22B800AB12DE /* Build configuration list for PBXNativeTarget "tnswebformclient" */ = {
			isa = XCConfigurationList;
			buildConfigurations = (
				858B843118CA22B800AB12DE /* Debug */,
				858B843218CA22B800AB12DE /* Release */,
			);
			defaultConfigurationIsVisible = 0;
			defaultConfigurationName = Release;
		};
/* End XCConfigurationList section */
	};
	rootObject = 858B832618CA111C00AB12DE /* Project object */;
}
